{
  "name": "resonant-translation-engine",
  "version": "2.0.0-rc.1",
  "lockfileVersion": 3,
  "requires": true,
  "packages": {
    "": {
      "name": "resonant-translation-engine",
      "version": "2.0.0-rc.1",
      "license": "MIT",
      "engines": {
        "node": ">=20"
      }
    }
  }
}
